// !$*UTF8*$!
{
	archiveVersion = 1;
	classes = {
	};
	objectVersion = 46;
	objects = {

/* Begin PBXBuildFile section */
		260F2AE050F19B5A091916E3 /* Pods_TightKnit.framework in Frameworks */ = {isa = PBXBuildFile; fileRef = 77CE65F6A0201F40DB4792B4 /* Pods_TightKnit.framework */; };
		9CB0F94BAC48254C5063716B /* Pods_TightKnitTests.framework in Frameworks */ = {isa = PBXBuildFile; fileRef = 9E94D500EFFE8EF464630C7E /* Pods_TightKnitTests.framework */; };
		A0AB0F9746C538B5CFD02E3E /* Pods_TightKnitUITests.framework in Frameworks */ = {isa = PBXBuildFile; fileRef = A5FE6FCE16C119CF2071011F /* Pods_TightKnitUITests.framework */; };
		DB2CC5D51E09E852000A1AF6 /* MapViewController.swift in Sources */ = {isa = PBXBuildFile; fileRef = DB2CC5D41E09E852000A1AF6 /* MapViewController.swift */; };
		DB2CC5D71E09E90D000A1AF6 /* CoreLocation.framework in Frameworks */ = {isa = PBXBuildFile; fileRef = DB2CC5D61E09E90D000A1AF6 /* CoreLocation.framework */; };
		DB2CC5D91E0C8DB8000A1AF6 /* Fabric.swift in Sources */ = {isa = PBXBuildFile; fileRef = DB2CC5D81E0C8DB8000A1AF6 /* Fabric.swift */; };
		DB3535F01DDE7E0400D0BCAF /* GCDBlackBox.swift in Sources */ = {isa = PBXBuildFile; fileRef = DB3535EF1DDE7E0400D0BCAF /* GCDBlackBox.swift */; };
		DB6945521DDA85BB00436825 /* User.swift in Sources */ = {isa = PBXBuildFile; fileRef = DB6945511DDA85BB00436825 /* User.swift */; };
		DB6945541DDA8A8F00436825 /* CreateProfileViewController.swift in Sources */ = {isa = PBXBuildFile; fileRef = DB6945531DDA8A8F00436825 /* CreateProfileViewController.swift */; };
		DB833E971DDA36F7006411FE /* AppDelegate.swift in Sources */ = {isa = PBXBuildFile; fileRef = DB833E961DDA36F7006411FE /* AppDelegate.swift */; };
		DB833E991DDA36F7006411FE /* MembersViewController.swift in Sources */ = {isa = PBXBuildFile; fileRef = DB833E981DDA36F7006411FE /* MembersViewController.swift */; };
		DB833E9B1DDA36F7006411FE /* ChatViewController.swift in Sources */ = {isa = PBXBuildFile; fileRef = DB833E9A1DDA36F7006411FE /* ChatViewController.swift */; };
		DB833E9E1DDA36F7006411FE /* Main.storyboard in Resources */ = {isa = PBXBuildFile; fileRef = DB833E9C1DDA36F7006411FE /* Main.storyboard */; };
		DB833EA01DDA36F8006411FE /* Assets.xcassets in Resources */ = {isa = PBXBuildFile; fileRef = DB833E9F1DDA36F8006411FE /* Assets.xcassets */; };
		DB833EA31DDA36F8006411FE /* LaunchScreen.storyboard in Resources */ = {isa = PBXBuildFile; fileRef = DB833EA11DDA36F8006411FE /* LaunchScreen.storyboard */; };
		DB833EAE1DDA36F8006411FE /* TightKnitTests.swift in Sources */ = {isa = PBXBuildFile; fileRef = DB833EAD1DDA36F8006411FE /* TightKnitTests.swift */; };
		DB833EB91DDA36F8006411FE /* TightKnitUITests.swift in Sources */ = {isa = PBXBuildFile; fileRef = DB833EB81DDA36F8006411FE /* TightKnitUITests.swift */; };
		DB833EC71DDA3992006411FE /* FabricsViewController.swift in Sources */ = {isa = PBXBuildFile; fileRef = DB833EC61DDA3992006411FE /* FabricsViewController.swift */; };
		DB833EC91DDA39A4006411FE /* LoginViewController.swift in Sources */ = {isa = PBXBuildFile; fileRef = DB833EC81DDA39A4006411FE /* LoginViewController.swift */; };
		DB833ECB1DDA68EE006411FE /* GoogleService-Info.plist in Resources */ = {isa = PBXBuildFile; fileRef = DB833ECA1DDA68EE006411FE /* GoogleService-Info.plist */; };
		DB833ECD1DDA6D53006411FE /* FirebaseClient.swift in Sources */ = {isa = PBXBuildFile; fileRef = DB833ECC1DDA6D53006411FE /* FirebaseClient.swift */; };
/* End PBXBuildFile section */

/* Begin PBXContainerItemProxy section */
		DB833EAA1DDA36F8006411FE /* PBXContainerItemProxy */ = {
			isa = PBXContainerItemProxy;
			containerPortal = DB833E8B1DDA36F7006411FE /* Project object */;
			proxyType = 1;
			remoteGlobalIDString = DB833E921DDA36F7006411FE;
			remoteInfo = TightKnit;
		};
		DB833EB51DDA36F8006411FE /* PBXContainerItemProxy */ = {
			isa = PBXContainerItemProxy;
			containerPortal = DB833E8B1DDA36F7006411FE /* Project object */;
			proxyType = 1;
			remoteGlobalIDString = DB833E921DDA36F7006411FE;
			remoteInfo = TightKnit;
		};
/* End PBXContainerItemProxy section */

/* Begin PBXFileReference section */
		3CA36F52CB6D615D4369BBE1 /* Pods-TightKnit.release.xcconfig */ = {isa = PBXFileReference; includeInIndex = 1; lastKnownFileType = text.xcconfig; name = "Pods-TightKnit.release.xcconfig"; path = "Pods/Target Support Files/Pods-TightKnit/Pods-TightKnit.release.xcconfig"; sourceTree = "<group>"; };
		401052D14CE5020888966E81 /* Pods-TightKnitTests.debug.xcconfig */ = {isa = PBXFileReference; includeInIndex = 1; lastKnownFileType = text.xcconfig; name = "Pods-TightKnitTests.debug.xcconfig"; path = "Pods/Target Support Files/Pods-TightKnitTests/Pods-TightKnitTests.debug.xcconfig"; sourceTree = "<group>"; };
		4F40DAB3606AAFA343CF663E /* Pods-TightKnit.debug.xcconfig */ = {isa = PBXFileReference; includeInIndex = 1; lastKnownFileType = text.xcconfig; name = "Pods-TightKnit.debug.xcconfig"; path = "Pods/Target Support Files/Pods-TightKnit/Pods-TightKnit.debug.xcconfig"; sourceTree = "<group>"; };
		77CE65F6A0201F40DB4792B4 /* Pods_TightKnit.framework */ = {isa = PBXFileReference; explicitFileType = wrapper.framework; includeInIndex = 0; path = Pods_TightKnit.framework; sourceTree = BUILT_PRODUCTS_DIR; };
		8115E261A05B8C709A1CE38F /* Pods-TightKnitUITests.release.xcconfig */ = {isa = PBXFileReference; includeInIndex = 1; lastKnownFileType = text.xcconfig; name = "Pods-TightKnitUITests.release.xcconfig"; path = "Pods/Target Support Files/Pods-TightKnitUITests/Pods-TightKnitUITests.release.xcconfig"; sourceTree = "<group>"; };
		9E94D500EFFE8EF464630C7E /* Pods_TightKnitTests.framework */ = {isa = PBXFileReference; explicitFileType = wrapper.framework; includeInIndex = 0; path = Pods_TightKnitTests.framework; sourceTree = BUILT_PRODUCTS_DIR; };
		A5FE6FCE16C119CF2071011F /* Pods_TightKnitUITests.framework */ = {isa = PBXFileReference; explicitFileType = wrapper.framework; includeInIndex = 0; path = Pods_TightKnitUITests.framework; sourceTree = BUILT_PRODUCTS_DIR; };
		B44FA7F0001E64971664ECEB /* Pods-TightKnitTests.release.xcconfig */ = {isa = PBXFileReference; includeInIndex = 1; lastKnownFileType = text.xcconfig; name = "Pods-TightKnitTests.release.xcconfig"; path = "Pods/Target Support Files/Pods-TightKnitTests/Pods-TightKnitTests.release.xcconfig"; sourceTree = "<group>"; };
		DB2CC5D41E09E852000A1AF6 /* MapViewController.swift */ = {isa = PBXFileReference; fileEncoding = 4; lastKnownFileType = sourcecode.swift; path = MapViewController.swift; sourceTree = "<group>"; };
		DB2CC5D61E09E90D000A1AF6 /* CoreLocation.framework */ = {isa = PBXFileReference; lastKnownFileType = wrapper.framework; name = CoreLocation.framework; path = System/Library/Frameworks/CoreLocation.framework; sourceTree = SDKROOT; };
		DB2CC5D81E0C8DB8000A1AF6 /* Fabric.swift */ = {isa = PBXFileReference; fileEncoding = 4; lastKnownFileType = sourcecode.swift; path = Fabric.swift; sourceTree = "<group>"; };
		DB3535EF1DDE7E0400D0BCAF /* GCDBlackBox.swift */ = {isa = PBXFileReference; fileEncoding = 4; lastKnownFileType = sourcecode.swift; path = GCDBlackBox.swift; sourceTree = "<group>"; };
		DB6945501DDA7BA900436825 /* TightKnit.entitlements */ = {isa = PBXFileReference; lastKnownFileType = text.plist.entitlements; path = TightKnit.entitlements; sourceTree = "<group>"; };
		DB6945511DDA85BB00436825 /* User.swift */ = {isa = PBXFileReference; fileEncoding = 4; lastKnownFileType = sourcecode.swift; path = User.swift; sourceTree = "<group>"; };
		DB6945531DDA8A8F00436825 /* CreateProfileViewController.swift */ = {isa = PBXFileReference; fileEncoding = 4; lastKnownFileType = sourcecode.swift; path = CreateProfileViewController.swift; sourceTree = "<group>"; };
		DB833E931DDA36F7006411FE /* TightKnit.app */ = {isa = PBXFileReference; explicitFileType = wrapper.application; includeInIndex = 0; path = TightKnit.app; sourceTree = BUILT_PRODUCTS_DIR; };
		DB833E961DDA36F7006411FE /* AppDelegate.swift */ = {isa = PBXFileReference; lastKnownFileType = sourcecode.swift; path = AppDelegate.swift; sourceTree = "<group>"; };
		DB833E981DDA36F7006411FE /* MembersViewController.swift */ = {isa = PBXFileReference; lastKnownFileType = sourcecode.swift; path = MembersViewController.swift; sourceTree = "<group>"; };
		DB833E9A1DDA36F7006411FE /* ChatViewController.swift */ = {isa = PBXFileReference; lastKnownFileType = sourcecode.swift; path = ChatViewController.swift; sourceTree = "<group>"; };
		DB833E9D1DDA36F7006411FE /* Base */ = {isa = PBXFileReference; lastKnownFileType = file.storyboard; name = Base; path = Base.lproj/Main.storyboard; sourceTree = "<group>"; };
		DB833E9F1DDA36F8006411FE /* Assets.xcassets */ = {isa = PBXFileReference; lastKnownFileType = folder.assetcatalog; path = Assets.xcassets; sourceTree = "<group>"; };
		DB833EA21DDA36F8006411FE /* Base */ = {isa = PBXFileReference; lastKnownFileType = file.storyboard; name = Base; path = Base.lproj/LaunchScreen.storyboard; sourceTree = "<group>"; };
		DB833EA41DDA36F8006411FE /* Info.plist */ = {isa = PBXFileReference; lastKnownFileType = text.plist.xml; path = Info.plist; sourceTree = "<group>"; };
		DB833EA91DDA36F8006411FE /* TightKnitTests.xctest */ = {isa = PBXFileReference; explicitFileType = wrapper.cfbundle; includeInIndex = 0; path = TightKnitTests.xctest; sourceTree = BUILT_PRODUCTS_DIR; };
		DB833EAD1DDA36F8006411FE /* TightKnitTests.swift */ = {isa = PBXFileReference; lastKnownFileType = sourcecode.swift; path = TightKnitTests.swift; sourceTree = "<group>"; };
		DB833EAF1DDA36F8006411FE /* Info.plist */ = {isa = PBXFileReference; lastKnownFileType = text.plist.xml; path = Info.plist; sourceTree = "<group>"; };
		DB833EB41DDA36F8006411FE /* TightKnitUITests.xctest */ = {isa = PBXFileReference; explicitFileType = wrapper.cfbundle; includeInIndex = 0; path = TightKnitUITests.xctest; sourceTree = BUILT_PRODUCTS_DIR; };
		DB833EB81DDA36F8006411FE /* TightKnitUITests.swift */ = {isa = PBXFileReference; lastKnownFileType = sourcecode.swift; path = TightKnitUITests.swift; sourceTree = "<group>"; };
		DB833EBA1DDA36F8006411FE /* Info.plist */ = {isa = PBXFileReference; lastKnownFileType = text.plist.xml; path = Info.plist; sourceTree = "<group>"; };
		DB833EC61DDA3992006411FE /* FabricsViewController.swift */ = {isa = PBXFileReference; fileEncoding = 4; lastKnownFileType = sourcecode.swift; path = FabricsViewController.swift; sourceTree = "<group>"; };
		DB833EC81DDA39A4006411FE /* LoginViewController.swift */ = {isa = PBXFileReference; fileEncoding = 4; lastKnownFileType = sourcecode.swift; path = LoginViewController.swift; sourceTree = "<group>"; };
		DB833ECA1DDA68EE006411FE /* GoogleService-Info.plist */ = {isa = PBXFileReference; fileEncoding = 4; lastKnownFileType = text.plist.xml; path = "GoogleService-Info.plist"; sourceTree = "<group>"; };
		DB833ECC1DDA6D53006411FE /* FirebaseClient.swift */ = {isa = PBXFileReference; fileEncoding = 4; lastKnownFileType = sourcecode.swift; path = FirebaseClient.swift; sourceTree = "<group>"; };
		E55292E0F608CE4C56777E8F /* Pods-TightKnitUITests.debug.xcconfig */ = {isa = PBXFileReference; includeInIndex = 1; lastKnownFileType = text.xcconfig; name = "Pods-TightKnitUITests.debug.xcconfig"; path = "Pods/Target Support Files/Pods-TightKnitUITests/Pods-TightKnitUITests.debug.xcconfig"; sourceTree = "<group>"; };
/* End PBXFileReference section */

/* Begin PBXFrameworksBuildPhase section */
		DB833E901DDA36F7006411FE /* Frameworks */ = {
			isa = PBXFrameworksBuildPhase;
			buildActionMask = 2147483647;
			files = (
				DB2CC5D71E09E90D000A1AF6 /* CoreLocation.framework in Frameworks */,
				260F2AE050F19B5A091916E3 /* Pods_TightKnit.framework in Frameworks */,
			);
			runOnlyForDeploymentPostprocessing = 0;
		};
		DB833EA61DDA36F8006411FE /* Frameworks */ = {
			isa = PBXFrameworksBuildPhase;
			buildActionMask = 2147483647;
			files = (
				9CB0F94BAC48254C5063716B /* Pods_TightKnitTests.framework in Frameworks */,
			);
			runOnlyForDeploymentPostprocessing = 0;
		};
		DB833EB11DDA36F8006411FE /* Frameworks */ = {
			isa = PBXFrameworksBuildPhase;
			buildActionMask = 2147483647;
			files = (
				A0AB0F9746C538B5CFD02E3E /* Pods_TightKnitUITests.framework in Frameworks */,
			);
			runOnlyForDeploymentPostprocessing = 0;
		};
/* End PBXFrameworksBuildPhase section */

/* Begin PBXGroup section */
		093B8D6E6719834E34AFB379 /* Pods */ = {
			isa = PBXGroup;
			children = (
				4F40DAB3606AAFA343CF663E /* Pods-TightKnit.debug.xcconfig */,
				3CA36F52CB6D615D4369BBE1 /* Pods-TightKnit.release.xcconfig */,
				401052D14CE5020888966E81 /* Pods-TightKnitTests.debug.xcconfig */,
				B44FA7F0001E64971664ECEB /* Pods-TightKnitTests.release.xcconfig */,
				E55292E0F608CE4C56777E8F /* Pods-TightKnitUITests.debug.xcconfig */,
				8115E261A05B8C709A1CE38F /* Pods-TightKnitUITests.release.xcconfig */,
			);
			name = Pods;
			sourceTree = "<group>";
		};
		89D96E00F3F1BDC0817DA8D3 /* Frameworks */ = {
			isa = PBXGroup;
			children = (
				DB2CC5D61E09E90D000A1AF6 /* CoreLocation.framework */,
				77CE65F6A0201F40DB4792B4 /* Pods_TightKnit.framework */,
				9E94D500EFFE8EF464630C7E /* Pods_TightKnitTests.framework */,
				A5FE6FCE16C119CF2071011F /* Pods_TightKnitUITests.framework */,
			);
			name = Frameworks;
			sourceTree = "<group>";
		};
		DB833E8A1DDA36F7006411FE = {
			isa = PBXGroup;
			children = (
				DB833E951DDA36F7006411FE /* TightKnit */,
				DB833EAC1DDA36F8006411FE /* TightKnitTests */,
				DB833EB71DDA36F8006411FE /* TightKnitUITests */,
				DB833E941DDA36F7006411FE /* Products */,
				093B8D6E6719834E34AFB379 /* Pods */,
				89D96E00F3F1BDC0817DA8D3 /* Frameworks */,
			);
			sourceTree = "<group>";
		};
		DB833E941DDA36F7006411FE /* Products */ = {
			isa = PBXGroup;
			children = (
				DB833E931DDA36F7006411FE /* TightKnit.app */,
				DB833EA91DDA36F8006411FE /* TightKnitTests.xctest */,
				DB833EB41DDA36F8006411FE /* TightKnitUITests.xctest */,
			);
			name = Products;
			sourceTree = "<group>";
		};
		DB833E951DDA36F7006411FE /* TightKnit */ = {
			isa = PBXGroup;
			children = (
				DB6945501DDA7BA900436825 /* TightKnit.entitlements */,
				DB833E961DDA36F7006411FE /* AppDelegate.swift */,
				DB6945511DDA85BB00436825 /* User.swift */,
				DB2CC5D81E0C8DB8000A1AF6 /* Fabric.swift */,
				DB833ECC1DDA6D53006411FE /* FirebaseClient.swift */,
				DB833EC81DDA39A4006411FE /* LoginViewController.swift */,
				DB6945531DDA8A8F00436825 /* CreateProfileViewController.swift */,
				DB833EC61DDA3992006411FE /* FabricsViewController.swift */,
				DB833E981DDA36F7006411FE /* MembersViewController.swift */,
				DB833E9A1DDA36F7006411FE /* ChatViewController.swift */,
				DB2CC5D41E09E852000A1AF6 /* MapViewController.swift */,
				DB833E9C1DDA36F7006411FE /* Main.storyboard */,
				DB833E9F1DDA36F8006411FE /* Assets.xcassets */,
				DB833EA11DDA36F8006411FE /* LaunchScreen.storyboard */,
				DB833EA41DDA36F8006411FE /* Info.plist */,
				DB833ECA1DDA68EE006411FE /* GoogleService-Info.plist */,
				DB3535EF1DDE7E0400D0BCAF /* GCDBlackBox.swift */,
			);
			path = TightKnit;
			sourceTree = "<group>";
		};
		DB833EAC1DDA36F8006411FE /* TightKnitTests */ = {
			isa = PBXGroup;
			children = (
				DB833EAD1DDA36F8006411FE /* TightKnitTests.swift */,
				DB833EAF1DDA36F8006411FE /* Info.plist */,
			);
			path = TightKnitTests;
			sourceTree = "<group>";
		};
		DB833EB71DDA36F8006411FE /* TightKnitUITests */ = {
			isa = PBXGroup;
			children = (
				DB833EB81DDA36F8006411FE /* TightKnitUITests.swift */,
				DB833EBA1DDA36F8006411FE /* Info.plist */,
			);
			path = TightKnitUITests;
			sourceTree = "<group>";
		};
/* End PBXGroup section */

/* Begin PBXNativeTarget section */
		DB833E921DDA36F7006411FE /* TightKnit */ = {
			isa = PBXNativeTarget;
			buildConfigurationList = DB833EBD1DDA36F8006411FE /* Build configuration list for PBXNativeTarget "TightKnit" */;
			buildPhases = (
				0E9FC9DFB2CFC42C13B2C514 /* [CP] Check Pods Manifest.lock */,
				DB833E8F1DDA36F7006411FE /* Sources */,
				DB833E901DDA36F7006411FE /* Frameworks */,
				DB833E911DDA36F7006411FE /* Resources */,
				7B4FFF37AB8CA8F5F0634733 /* [CP] Embed Pods Frameworks */,
				24E36B65FB00B110626CF775 /* [CP] Copy Pods Resources */,
			);
			buildRules = (
			);
			dependencies = (
			);
			name = TightKnit;
			productName = TightKnit;
			productReference = DB833E931DDA36F7006411FE /* TightKnit.app */;
			productType = "com.apple.product-type.application";
		};
		DB833EA81DDA36F8006411FE /* TightKnitTests */ = {
			isa = PBXNativeTarget;
			buildConfigurationList = DB833EC01DDA36F8006411FE /* Build configuration list for PBXNativeTarget "TightKnitTests" */;
			buildPhases = (
				82581CC26A13A7266059E61B /* [CP] Check Pods Manifest.lock */,
				DB833EA51DDA36F8006411FE /* Sources */,
				DB833EA61DDA36F8006411FE /* Frameworks */,
				DB833EA71DDA36F8006411FE /* Resources */,
				046EEADDE4F2D900B5EEB2DA /* [CP] Embed Pods Frameworks */,
				4610F7CCFCEE32B001B735EB /* [CP] Copy Pods Resources */,
			);
			buildRules = (
			);
			dependencies = (
				DB833EAB1DDA36F8006411FE /* PBXTargetDependency */,
			);
			name = TightKnitTests;
			productName = TightKnitTests;
			productReference = DB833EA91DDA36F8006411FE /* TightKnitTests.xctest */;
			productType = "com.apple.product-type.bundle.unit-test";
		};
		DB833EB31DDA36F8006411FE /* TightKnitUITests */ = {
			isa = PBXNativeTarget;
			buildConfigurationList = DB833EC31DDA36F8006411FE /* Build configuration list for PBXNativeTarget "TightKnitUITests" */;
			buildPhases = (
				C475429F4440A0B3C009CC9E /* [CP] Check Pods Manifest.lock */,
				DB833EB01DDA36F8006411FE /* Sources */,
				DB833EB11DDA36F8006411FE /* Frameworks */,
				DB833EB21DDA36F8006411FE /* Resources */,
				CB09C9DC88D43E72B96F9783 /* [CP] Copy Pods Resources */,
			);
			buildRules = (
			);
			dependencies = (
				DB833EB61DDA36F8006411FE /* PBXTargetDependency */,
			);
			name = TightKnitUITests;
			productName = TightKnitUITests;
			productReference = DB833EB41DDA36F8006411FE /* TightKnitUITests.xctest */;
			productType = "com.apple.product-type.bundle.ui-testing";
		};
/* End PBXNativeTarget section */

/* Begin PBXProject section */
		DB833E8B1DDA36F7006411FE /* Project object */ = {
			isa = PBXProject;
			attributes = {
				LastSwiftUpdateCheck = 0810;
				LastUpgradeCheck = 0810;
				ORGANIZATIONNAME = "Adam Zarn";
				TargetAttributes = {
					DB833E921DDA36F7006411FE = {
						CreatedOnToolsVersion = 8.1;
						DevelopmentTeam = QA67695N79;
						ProvisioningStyle = Automatic;
						SystemCapabilities = {
							com.apple.Keychain = {
								enabled = 1;
							};
						};
					};
					DB833EA81DDA36F8006411FE = {
						CreatedOnToolsVersion = 8.1;
						ProvisioningStyle = Automatic;
						TestTargetID = DB833E921DDA36F7006411FE;
					};
					DB833EB31DDA36F8006411FE = {
						CreatedOnToolsVersion = 8.1;
						ProvisioningStyle = Automatic;
						TestTargetID = DB833E921DDA36F7006411FE;
					};
				};
			};
			buildConfigurationList = DB833E8E1DDA36F7006411FE /* Build configuration list for PBXProject "TightKnit" */;
			compatibilityVersion = "Xcode 3.2";
			developmentRegion = English;
			hasScannedForEncodings = 0;
			knownRegions = (
				en,
				Base,
			);
			mainGroup = DB833E8A1DDA36F7006411FE;
			productRefGroup = DB833E941DDA36F7006411FE /* Products */;
			projectDirPath = "";
			projectRoot = "";
			targets = (
				DB833E921DDA36F7006411FE /* TightKnit */,
				DB833EA81DDA36F8006411FE /* TightKnitTests */,
				DB833EB31DDA36F8006411FE /* TightKnitUITests */,
			);
		};
/* End PBXProject section */

/* Begin PBXResourcesBuildPhase section */
		DB833E911DDA36F7006411FE /* Resources */ = {
			isa = PBXResourcesBuildPhase;
			buildActionMask = 2147483647;
			files = (
				DB833EA31DDA36F8006411FE /* LaunchScreen.storyboard in Resources */,
				DB833EA01DDA36F8006411FE /* Assets.xcassets in Resources */,
				DB833E9E1DDA36F7006411FE /* Main.storyboard in Resources */,
				DB833ECB1DDA68EE006411FE /* GoogleService-Info.plist in Resources */,
			);
			runOnlyForDeploymentPostprocessing = 0;
		};
		DB833EA71DDA36F8006411FE /* Resources */ = {
			isa = PBXResourcesBuildPhase;
			buildActionMask = 2147483647;
			files = (
			);
			runOnlyForDeploymentPostprocessing = 0;
		};
		DB833EB21DDA36F8006411FE /* Resources */ = {
			isa = PBXResourcesBuildPhase;
			buildActionMask = 2147483647;
			files = (
			);
			runOnlyForDeploymentPostprocessing = 0;
		};
/* End PBXResourcesBuildPhase section */

/* Begin PBXShellScriptBuildPhase section */
		046EEADDE4F2D900B5EEB2DA /* [CP] Embed Pods Frameworks */ = {
			isa = PBXShellScriptBuildPhase;
			buildActionMask = 2147483647;
			files = (
			);
			inputPaths = (
			);
			name = "[CP] Embed Pods Frameworks";
			outputPaths = (
			);
			runOnlyForDeploymentPostprocessing = 0;
			shellPath = /bin/sh;
			shellScript = "\"${SRCROOT}/Pods/Target Support Files/Pods-TightKnitTests/Pods-TightKnitTests-frameworks.sh\"\n";
			showEnvVarsInLog = 0;
		};
		0E9FC9DFB2CFC42C13B2C514 /* [CP] Check Pods Manifest.lock */ = {
			isa = PBXShellScriptBuildPhase;
			buildActionMask = 2147483647;
			files = (
			);
			inputPaths = (
			);
			name = "[CP] Check Pods Manifest.lock";
			outputPaths = (
			);
			runOnlyForDeploymentPostprocessing = 0;
			shellPath = /bin/sh;
			shellScript = "diff \"${PODS_ROOT}/../Podfile.lock\" \"${PODS_ROOT}/Manifest.lock\" > /dev/null\nif [[ $? != 0 ]] ; then\n    cat << EOM\nerror: The sandbox is not in sync with the Podfile.lock. Run 'pod install' or update your CocoaPods installation.\nEOM\n    exit 1\nfi\n";
			showEnvVarsInLog = 0;
		};
		24E36B65FB00B110626CF775 /* [CP] Copy Pods Resources */ = {
			isa = PBXShellScriptBuildPhase;
			buildActionMask = 2147483647;
			files = (
			);
			inputPaths = (
			);
			name = "[CP] Copy Pods Resources";
			outputPaths = (
			);
			runOnlyForDeploymentPostprocessing = 0;
			shellPath = /bin/sh;
			shellScript = "\"${SRCROOT}/Pods/Target Support Files/Pods-TightKnit/Pods-TightKnit-resources.sh\"\n";
			showEnvVarsInLog = 0;
		};
		4610F7CCFCEE32B001B735EB /* [CP] Copy Pods Resources */ = {
			isa = PBXShellScriptBuildPhase;
			buildActionMask = 2147483647;
			files = (
			);
			inputPaths = (
			);
			name = "[CP] Copy Pods Resources";
			outputPaths = (
			);
			runOnlyForDeploymentPostprocessing = 0;
			shellPath = /bin/sh;
			shellScript = "\"${SRCROOT}/Pods/Target Support Files/Pods-TightKnitTests/Pods-TightKnitTests-resources.sh\"\n";
			showEnvVarsInLog = 0;
		};
		7B4FFF37AB8CA8F5F0634733 /* [CP] Embed Pods Frameworks */ = {
			isa = PBXShellScriptBuildPhase;
			buildActionMask = 2147483647;
			files = (
			);
			inputPaths = (
			);
			name = "[CP] Embed Pods Frameworks";
			outputPaths = (
			);
			runOnlyForDeploymentPostprocessing = 0;
			shellPath = /bin/sh;
			shellScript = "\"${SRCROOT}/Pods/Target Support Files/Pods-TightKnit/Pods-TightKnit-frameworks.sh\"\n";
			showEnvVarsInLog = 0;
		};
		82581CC26A13A7266059E61B /* [CP] Check Pods Manifest.lock */ = {
			isa = PBXShellScriptBuildPhase;
			buildActionMask = 2147483647;
			files = (
			);
			inputPaths = (
			);
			name = "[CP] Check Pods Manifest.lock";
			outputPaths = (
			);
			runOnlyForDeploymentPostprocessing = 0;
			shellPath = /bin/sh;
			shellScript = "diff \"${PODS_ROOT}/../Podfile.lock\" \"${PODS_ROOT}/Manifest.lock\" > /dev/null\nif [[ $? != 0 ]] ; then\n    cat << EOM\nerror: The sandbox is not in sync with the Podfile.lock. Run 'pod install' or update your CocoaPods installation.\nEOM\n    exit 1\nfi\n";
			showEnvVarsInLog = 0;
		};
		C475429F4440A0B3C009CC9E /* [CP] Check Pods Manifest.lock */ = {
			isa = PBXShellScriptBuildPhase;
			buildActionMask = 2147483647;
			files = (
			);
			inputPaths = (
			);
			name = "[CP] Check Pods Manifest.lock";
			outputPaths = (
			);
			runOnlyForDeploymentPostprocessing = 0;
			shellPath = /bin/sh;
			shellScript = "diff \"${PODS_ROOT}/../Podfile.lock\" \"${PODS_ROOT}/Manifest.lock\" > /dev/null\nif [[ $? != 0 ]] ; then\n    cat << EOM\nerror: The sandbox is not in sync with the Podfile.lock. Run 'pod install' or update your CocoaPods installation.\nEOM\n    exit 1\nfi\n";
			showEnvVarsInLog = 0;
		};
		CB09C9DC88D43E72B96F9783 /* [CP] Copy Pods Resources */ = {
			isa = PBXShellScriptBuildPhase;
			buildActionMask = 2147483647;
			files = (
			);
			inputPaths = (
			);
			name = "[CP] Copy Pods Resources";
			outputPaths = (
			);
			runOnlyForDeploymentPostprocessing = 0;
			shellPath = /bin/sh;
			shellScript = "\"${SRCROOT}/Pods/Target Support Files/Pods-TightKnitUITests/Pods-TightKnitUITests-resources.sh\"\n";
			showEnvVarsInLog = 0;
		};
/* End PBXShellScriptBuildPhase section */

/* Begin PBXSourcesBuildPhase section */
		DB833E8F1DDA36F7006411FE /* Sources */ = {
			isa = PBXSourcesBuildPhase;
			buildActionMask = 2147483647;
			files = (
				DB6945541DDA8A8F00436825 /* CreateProfileViewController.swift in Sources */,
				DB2CC5D91E0C8DB8000A1AF6 /* Fabric.swift in Sources */,
				DB833E9B1DDA36F7006411FE /* ChatViewController.swift in Sources */,
				DB833E971DDA36F7006411FE /* AppDelegate.swift in Sources */,
				DB2CC5D51E09E852000A1AF6 /* MapViewController.swift in Sources */,
				DB833E991DDA36F7006411FE /* MembersViewController.swift in Sources */,
				DB833EC91DDA39A4006411FE /* LoginViewController.swift in Sources */,
				DB833EC71DDA3992006411FE /* FabricsViewController.swift in Sources */,
				DB833ECD1DDA6D53006411FE /* FirebaseClient.swift in Sources */,
				DB3535F01DDE7E0400D0BCAF /* GCDBlackBox.swift in Sources */,
				DB6945521DDA85BB00436825 /* User.swift in Sources */,
			);
			runOnlyForDeploymentPostprocessing = 0;
		};
		DB833EA51DDA36F8006411FE /* Sources */ = {
			isa = PBXSourcesBuildPhase;
			buildActionMask = 2147483647;
			files = (
				DB833EAE1DDA36F8006411FE /* TightKnitTests.swift in Sources */,
			);
			runOnlyForDeploymentPostprocessing = 0;
		};
		DB833EB01DDA36F8006411FE /* Sources */ = {
			isa = PBXSourcesBuildPhase;
			buildActionMask = 2147483647;
			files = (
				DB833EB91DDA36F8006411FE /* TightKnitUITests.swift in Sources */,
			);
			runOnlyForDeploymentPostprocessing = 0;
		};
/* End PBXSourcesBuildPhase section */

/* Begin PBXTargetDependency section */
		DB833EAB1DDA36F8006411FE /* PBXTargetDependency */ = {
			isa = PBXTargetDependency;
			target = DB833E921DDA36F7006411FE /* TightKnit */;
			targetProxy = DB833EAA1DDA36F8006411FE /* PBXContainerItemProxy */;
		};
		DB833EB61DDA36F8006411FE /* PBXTargetDependency */ = {
			isa = PBXTargetDependency;
			target = DB833E921DDA36F7006411FE /* TightKnit */;
			targetProxy = DB833EB51DDA36F8006411FE /* PBXContainerItemProxy */;
		};
/* End PBXTargetDependency section */

/* Begin PBXVariantGroup section */
		DB833E9C1DDA36F7006411FE /* Main.storyboard */ = {
			isa = PBXVariantGroup;
			children = (
				DB833E9D1DDA36F7006411FE /* Base */,
			);
			name = Main.storyboard;
			sourceTree = "<group>";
		};
		DB833EA11DDA36F8006411FE /* LaunchScreen.storyboard */ = {
			isa = PBXVariantGroup;
			children = (
				DB833EA21DDA36F8006411FE /* Base */,
			);
			name = LaunchScreen.storyboard;
			sourceTree = "<group>";
		};
/* End PBXVariantGroup section */

/* Begin XCBuildConfiguration section */
		DB833EBB1DDA36F8006411FE /* Debug */ = {
			isa = XCBuildConfiguration;
			buildSettings = {
				ALWAYS_SEARCH_USER_PATHS = NO;
				CLANG_ANALYZER_NONNULL = YES;
				CLANG_CXX_LANGUAGE_STANDARD = "gnu++0x";
				CLANG_CXX_LIBRARY = "libc++";
				CLANG_ENABLE_MODULES = YES;
				CLANG_ENABLE_OBJC_ARC = YES;
				CLANG_WARN_BOOL_CONVERSION = YES;
				CLANG_WARN_CONSTANT_CONVERSION = YES;
				CLANG_WARN_DIRECT_OBJC_ISA_USAGE = YES_ERROR;
				CLANG_WARN_DOCUMENTATION_COMMENTS = YES;
				CLANG_WARN_EMPTY_BODY = YES;
				CLANG_WARN_ENUM_CONVERSION = YES;
				CLANG_WARN_INFINITE_RECURSION = YES;
				CLANG_WARN_INT_CONVERSION = YES;
				CLANG_WARN_OBJC_ROOT_CLASS = YES_ERROR;
				CLANG_WARN_SUSPICIOUS_MOVES = YES;
				CLANG_WARN_UNREACHABLE_CODE = YES;
				CLANG_WARN__DUPLICATE_METHOD_MATCH = YES;
				"CODE_SIGN_IDENTITY[sdk=iphoneos*]" = "iPhone Developer";
				COPY_PHASE_STRIP = NO;
				DEBUG_INFORMATION_FORMAT = dwarf;
				ENABLE_STRICT_OBJC_MSGSEND = YES;
				ENABLE_TESTABILITY = YES;
				GCC_C_LANGUAGE_STANDARD = gnu99;
				GCC_DYNAMIC_NO_PIC = NO;
				GCC_NO_COMMON_BLOCKS = YES;
				GCC_OPTIMIZATION_LEVEL = 0;
				GCC_PREPROCESSOR_DEFINITIONS = (
					"DEBUG=1",
					"$(inherited)",
				);
				GCC_WARN_64_TO_32_BIT_CONVERSION = YES;
				GCC_WARN_ABOUT_RETURN_TYPE = YES_ERROR;
				GCC_WARN_UNDECLARED_SELECTOR = YES;
				GCC_WARN_UNINITIALIZED_AUTOS = YES_AGGRESSIVE;
				GCC_WARN_UNUSED_FUNCTION = YES;
				GCC_WARN_UNUSED_VARIABLE = YES;
				IPHONEOS_DEPLOYMENT_TARGET = 10.1;
				MTL_ENABLE_DEBUG_INFO = YES;
				ONLY_ACTIVE_ARCH = YES;
				SDKROOT = iphoneos;
				SWIFT_ACTIVE_COMPILATION_CONDITIONS = DEBUG;
				SWIFT_OPTIMIZATION_LEVEL = "-Onone";
			};
			name = Debug;
		};
		DB833EBC1DDA36F8006411FE /* Release */ = {
			isa = XCBuildConfiguration;
			buildSettings = {
				ALWAYS_SEARCH_USER_PATHS = NO;
				CLANG_ANALYZER_NONNULL = YES;
				CLANG_CXX_LANGUAGE_STANDARD = "gnu++0x";
				CLANG_CXX_LIBRARY = "libc++";
				CLANG_ENABLE_MODULES = YES;
				CLANG_ENABLE_OBJC_ARC = YES;
				CLANG_WARN_BOOL_CONVERSION = YES;
				CLANG_WARN_CONSTANT_CONVERSION = YES;
				CLANG_WARN_DIRECT_OBJC_ISA_USAGE = YES_ERROR;
				CLANG_WARN_DOCUMENTATION_COMMENTS = YES;
				CLANG_WARN_EMPTY_BODY = YES;
				CLANG_WARN_ENUM_CONVERSION = YES;
				CLANG_WARN_INFINITE_RECURSION = YES;
				CLANG_WARN_INT_CONVERSION = YES;
				CLANG_WARN_OBJC_ROOT_CLASS = YES_ERROR;
				CLANG_WARN_SUSPICIOUS_MOVES = YES;
				CLANG_WARN_UNREACHABLE_CODE = YES;
				CLANG_WARN__DUPLICATE_METHOD_MATCH = YES;
				"CODE_SIGN_IDENTITY[sdk=iphoneos*]" = "iPhone Developer";
				COPY_PHASE_STRIP = NO;
				DEBUG_INFORMATION_FORMAT = "dwarf-with-dsym";
				ENABLE_NS_ASSERTIONS = NO;
				ENABLE_STRICT_OBJC_MSGSEND = YES;
				GCC_C_LANGUAGE_STANDARD = gnu99;
				GCC_NO_COMMON_BLOCKS = YES;
				GCC_WARN_64_TO_32_BIT_CONVERSION = YES;
				GCC_WARN_ABOUT_RETURN_TYPE = YES_ERROR;
				GCC_WARN_UNDECLARED_SELECTOR = YES;
				GCC_WARN_UNINITIALIZED_AUTOS = YES_AGGRESSIVE;
				GCC_WARN_UNUSED_FUNCTION = YES;
				GCC_WARN_UNUSED_VARIABLE = YES;
				IPHONEOS_DEPLOYMENT_TARGET = 10.1;
				MTL_ENABLE_DEBUG_INFO = NO;
				SDKROOT = iphoneos;
				SWIFT_OPTIMIZATION_LEVEL = "-Owholemodule";
				VALIDATE_PRODUCT = YES;
			};
			name = Release;
		};
		DB833EBE1DDA36F8006411FE /* Debug */ = {
			isa = XCBuildConfiguration;
			baseConfigurationReference = 4F40DAB3606AAFA343CF663E /* Pods-TightKnit.debug.xcconfig */;
			buildSettings = {
				ASSETCATALOG_COMPILER_APPICON_NAME = AppIcon;
				CODE_SIGN_ENTITLEMENTS = TightKnit/TightKnit.entitlements;
				DEVELOPMENT_TEAM = QA67695N79;
				INFOPLIST_FILE = TightKnit/Info.plist;
				LD_RUNPATH_SEARCH_PATHS = "$(inherited) @executable_path/Frameworks";
				PRODUCT_BUNDLE_IDENTIFIER = AJZ.TightKnit;
				PRODUCT_NAME = "$(TARGET_NAME)";
				SWIFT_VERSION = 3.0;
			};
			name = Debug;
		};
		DB833EBF1DDA36F8006411FE /* Release */ = {
			isa = XCBuildConfiguration;
			baseConfigurationReference = 3CA36F52CB6D615D4369BBE1 /* Pods-TightKnit.release.xcconfig */;
			buildSettings = {
				ASSETCATALOG_COMPILER_APPICON_NAME = AppIcon;
				CODE_SIGN_ENTITLEMENTS = TightKnit/TightKnit.entitlements;
				DEVELOPMENT_TEAM = QA67695N79;
				INFOPLIST_FILE = TightKnit/Info.plist;
				LD_RUNPATH_SEARCH_PATHS = "$(inherited) @executable_path/Frameworks";
				PRODUCT_BUNDLE_IDENTIFIER = AJZ.TightKnit;
				PRODUCT_NAME = "$(TARGET_NAME)";
				SWIFT_VERSION = 3.0;
			};
			name = Release;
		};
		DB833EC11DDA36F8006411FE /* Debug */ = {
			isa = XCBuildConfiguration;
			baseConfigurationReference = 401052D14CE5020888966E81 /* Pods-TightKnitTests.debug.xcconfig */;
			buildSettings = {
				ALWAYS_EMBED_SWIFT_STANDARD_LIBRARIES = YES;
				BUNDLE_LOADER = "$(TEST_HOST)";
				INFOPLIST_FILE = TightKnitTests/Info.plist;
				LD_RUNPATH_SEARCH_PATHS = "$(inherited) @executable_path/Frameworks @loader_path/Frameworks";
				PRODUCT_BUNDLE_IDENTIFIER = AJZ.TightKnitTests;
				PRODUCT_NAME = "$(TARGET_NAME)";
				SWIFT_VERSION = 3.0;
				TEST_HOST = "$(BUILT_PRODUCTS_DIR)/TightKnit.app/TightKnit";
			};
			name = Debug;
		};
		DB833EC21DDA36F8006411FE /* Release */ = {
			isa = XCBuildConfiguration;
			baseConfigurationReference = B44FA7F0001E64971664ECEB /* Pods-TightKnitTests.release.xcconfig */;
			buildSettings = {
				ALWAYS_EMBED_SWIFT_STANDARD_LIBRARIES = YES;
				BUNDLE_LOADER = "$(TEST_HOST)";
				INFOPLIST_FILE = TightKnitTests/Info.plist;
				LD_RUNPATH_SEARCH_PATHS = "$(inherited) @executable_path/Frameworks @loader_path/Frameworks";
				PRODUCT_BUNDLE_IDENTIFIER = AJZ.TightKnitTests;
				PRODUCT_NAME = "$(TARGET_NAME)";
				SWIFT_VERSION = 3.0;
				TEST_HOST = "$(BUILT_PRODUCTS_DIR)/TightKnit.app/TightKnit";
			};
			name = Release;
		};
		DB833EC41DDA36F8006411FE /* Debug */ = {
			isa = XCBuildConfiguration;
			baseConfigurationReference = E55292E0F608CE4C56777E8F /* Pods-TightKnitUITests.debug.xcconfig */;
			buildSettings = {
				ALWAYS_EMBED_SWIFT_STANDARD_LIBRARIES = YES;
				INFOPLIST_FILE = TightKnitUITests/Info.plist;
				LD_RUNPATH_SEARCH_PATHS = "$(inherited) @executable_path/Frameworks @loader_path/Frameworks";
				PRODUCT_BUNDLE_IDENTIFIER = AJZ.TightKnitUITests;
				PRODUCT_NAME = "$(TARGET_NAME)";
				SWIFT_VERSION = 3.0;
				TEST_TARGET_NAME = TightKnit;
			};
			name = Debug;
		};
		DB833EC51DDA36F8006411FE /* Release */ = {
			isa = XCBuildConfiguration;
			baseConfigurationReference = 8115E261A05B8C709A1CE38F /* Pods-TightKnitUITests.release.xcconfig */;
			buildSettings = {
				ALWAYS_EMBED_SWIFT_STANDARD_LIBRARIES = YES;
				INFOPLIST_FILE = TightKnitUITests/Info.plist;
				LD_RUNPATH_SEARCH_PATHS = "$(inherited) @executable_path/Frameworks @loader_path/Frameworks";
				PRODUCT_BUNDLE_IDENTIFIER = AJZ.TightKnitUITests;
				PRODUCT_NAME = "$(TARGET_NAME)";
				SWIFT_VERSION = 3.0;
				TEST_TARGET_NAME = TightKnit;
			};
			name = Release;
		};
/* End XCBuildConfiguration section */

/* Begin XCConfigurationList section */
		DB833E8E1DDA36F7006411FE /* Build configuration list for PBXProject "TightKnit" */ = {
			isa = XCConfigurationList;
			buildConfigurations = (
				DB833EBB1DDA36F8006411FE /* Debug */,
				DB833EBC1DDA36F8006411FE /* Release */,
			);
			defaultConfigurationIsVisible = 0;
			defaultConfigurationName = Release;
		};
		DB833EBD1DDA36F8006411FE /* Build configuration list for PBXNativeTarget "TightKnit" */ = {
			isa = XCConfigurationList;
			buildConfigurations = (
				DB833EBE1DDA36F8006411FE /* Debug */,
				DB833EBF1DDA36F8006411FE /* Release */,
			);
			defaultConfigurationIsVisible = 0;
			defaultConfigurationName = Release;
		};
		DB833EC01DDA36F8006411FE /* Build configuration list for PBXNativeTarget "TightKnitTests" */ = {
			isa = XCConfigurationList;
			buildConfigurations = (
				DB833EC11DDA36F8006411FE /* Debug */,
				DB833EC21DDA36F8006411FE /* Release */,
			);
			defaultConfigurationIsVisible = 0;
			defaultConfigurationName = Release;
		};
		DB833EC31DDA36F8006411FE /* Build configuration list for PBXNativeTarget "TightKnitUITests" */ = {
			isa = XCConfigurationList;
			buildConfigurations = (
				DB833EC41DDA36F8006411FE /* Debug */,
				DB833EC51DDA36F8006411FE /* Release */,
			);
			defaultConfigurationIsVisible = 0;
			defaultConfigurationName = Release;
		};
/* End XCConfigurationList section */
	};
	rootObject = DB833E8B1DDA36F7006411FE /* Project object */;
}
